
Microsoft Visual Studio Solution File, Format Version 12.00
# Visual Studio Version 16
VisualStudioVersion = 16.0.30611.23
MinimumVisualStudioVersion = 10.0.40219.1
Project("{FAE04EC0-301F-11D3-BF4B-00C04F79EFBC}") = "E-COM", "E-COM\E-COM.csproj", "{0D689B16-BE30-4F6F-8A01-54A67D430E1D}"
EndProject
Global
	GlobalSection(SolutionConfigurationPlatforms) = preSolution
		Debug|Any CPU = Debug|Any CPU
		Release|Any CPU = Release|Any CPU
	EndGlobalSection
	GlobalSection(ProjectConfigurationPlatforms) = postSolution
		{0D689B16-BE30-4F6F-8A01-54A67D430E1D}.Debug|Any CPU.ActiveCfg = Debug|Any CPU
		{0D689B16-BE30-4F6F-8A01-54A67D430E1D}.Debug|Any CPU.Build.0 = Debug|Any CPU
		{0D689B16-BE30-4F6F-8A01-54A67D430E1D}.Release|Any CPU.ActiveCfg = Release|Any CPU
		{0D689B16-BE30-4F6F-8A01-54A67D430E1D}.Release|Any CPU.Build.0 = Release|Any CPU
	EndGlobalSection
	GlobalSection(SolutionProperties) = preSolution
		HideSolutionNode = FALSE
	EndGlobalSection
	GlobalSection(ExtensibilityGlobals) = postSolution
		SolutionGuid = {47966869-60DA-41A1-9386-06F351174622}
	EndGlobalSection
EndGlobal
